// !$*UTF8*$!
{
	archiveVersion = 1;
	classes = {
	};
	objectVersion = 50;
	objects = {

/* Begin PBXBuildFile section */
		5645BF7F23B3598500DB45DE /* CoreLocation.framework in Frameworks */ = {isa = PBXBuildFile; fileRef = 5645BF7E23B3598500DB45DE /* CoreLocation.framework */; };
		565A079823B30E7E00F1E072 /* AppDelegate.swift in Sources */ = {isa = PBXBuildFile; fileRef = 565A079723B30E7E00F1E072 /* AppDelegate.swift */; };
		565A079A23B30E7E00F1E072 /* SceneDelegate.swift in Sources */ = {isa = PBXBuildFile; fileRef = 565A079923B30E7E00F1E072 /* SceneDelegate.swift */; };
		565A079C23B30E7E00F1E072 /* ViewController.swift in Sources */ = {isa = PBXBuildFile; fileRef = 565A079B23B30E7E00F1E072 /* ViewController.swift */; };
		565A079F23B30E7E00F1E072 /* Main.storyboard in Resources */ = {isa = PBXBuildFile; fileRef = 565A079D23B30E7E00F1E072 /* Main.storyboard */; };
		565A07A123B30E8000F1E072 /* Assets.xcassets in Resources */ = {isa = PBXBuildFile; fileRef = 565A07A023B30E8000F1E072 /* Assets.xcassets */; };
		565A07A423B30E8000F1E072 /* LaunchScreen.storyboard in Resources */ = {isa = PBXBuildFile; fileRef = 565A07A223B30E8000F1E072 /* LaunchScreen.storyboard */; };
/* End PBXBuildFile section */

/* Begin PBXFileReference section */
		5645BF7E23B3598500DB45DE /* CoreLocation.framework */ = {isa = PBXFileReference; lastKnownFileType = wrapper.framework; name = CoreLocation.framework; path = System/Library/Frameworks/CoreLocation.framework; sourceTree = SDKROOT; };
		565A079423B30E7E00F1E072 /* TestCLLocation.app */ = {isa = PBXFileReference; explicitFileType = wrapper.application; includeInIndex = 0; path = TestCLLocation.app; sourceTree = BUILT_PRODUCTS_DIR; };
		565A079723B30E7E00F1E072 /* AppDelegate.swift */ = {isa = PBXFileReference; lastKnownFileType = sourcecode.swift; path = AppDelegate.swift; sourceTree = "<group>"; };
		565A079923B30E7E00F1E072 /* SceneDelegate.swift */ = {isa = PBXFileReference; lastKnownFileType = sourcecode.swift; path = SceneDelegate.swift; sourceTree = "<group>"; };
		565A079B23B30E7E00F1E072 /* ViewController.swift */ = {isa = PBXFileReference; lastKnownFileType = sourcecode.swift; path = ViewController.swift; sourceTree = "<group>"; };
		565A079E23B30E7E00F1E072 /* Base */ = {isa = PBXFileReference; lastKnownFileType = file.storyboard; name = Base; path = Base.lproj/Main.storyboard; sourceTree = "<group>"; };
		565A07A023B30E8000F1E072 /* Assets.xcassets */ = {isa = PBXFileReference; lastKnownFileType = folder.assetcatalog; path = Assets.xcassets; sourceTree = "<group>"; };
		565A07A323B30E8000F1E072 /* Base */ = {isa = PBXFileReference; lastKnownFileType = file.storyboard; name = Base; path = Base.lproj/LaunchScreen.storyboard; sourceTree = "<group>"; };
		565A07A523B30E8000F1E072 /* Info.plist */ = {isa = PBXFileReference; lastKnownFileType = text.plist.xml; path = Info.plist; sourceTree = "<group>"; };
/* End PBXFileReference section */

/* Begin PBXFrameworksBuildPhase section */
		565A079123B30E7E00F1E072 /* Frameworks */ = {
			isa = PBXFrameworksBuildPhase;
			buildActionMask = 2147483647;
			files = (
				5645BF7F23B3598500DB45DE /* CoreLocation.framework in Frameworks */,
			);
			runOnlyForDeploymentPostprocessing = 0;
		};
/* End PBXFrameworksBuildPhase section */

/* Begin PBXGroup section */
		5645BF7D23B3598500DB45DE /* Frameworks */ = {
			isa = PBXGroup;
			children = (
				5645BF7E23B3598500DB45DE /* CoreLocation.framework */,
			);
			name = Frameworks;
			sourceTree = "<group>";
		};
		565A078B23B30E7E00F1E072 = {
			isa = PBXGroup;
			children = (
				565A079623B30E7E00F1E072 /* TestCLLocation */,
				565A079523B30E7E00F1E072 /* Products */,
				5645BF7D23B3598500DB45DE /* Frameworks */,
			);
			sourceTree = "<group>";
		};
		565A079523B30E7E00F1E072 /* Products */ = {
			isa = PBXGroup;
			children = (
				565A079423B30E7E00F1E072 /* TestCLLocation.app */,
			);
			name = Products;
			sourceTree = "<group>";
		};
		565A079623B30E7E00F1E072 /* TestCLLocation */ = {
			isa = PBXGroup;
			children = (
				565A079723B30E7E00F1E072 /* AppDelegate.swift */,
				565A079923B30E7E00F1E072 /* SceneDelegate.swift */,
				565A079B23B30E7E00F1E072 /* ViewController.swift */,
				565A079D23B30E7E00F1E072 /* Main.storyboard */,
				565A07A023B30E8000F1E072 /* Assets.xcassets */,
				565A07A223B30E8000F1E072 /* LaunchScreen.storyboard */,
				565A07A523B30E8000F1E072 /* Info.plist */,
			);
			path = TestCLLocation;
			sourceTree = "<group>";
		};
/* End PBXGroup section */

/* Begin PBXNativeTarget section */
		565A079323B30E7E00F1E072 /* TestCLLocation */ = {
			isa = PBXNativeTarget;
			buildConfigurationList = 565A07A823B30E8000F1E072 /* Build configuration list for PBXNativeTarget "TestCLLocation" */;
			buildPhases = (
				565A079023B30E7E00F1E072 /* Sources */,
				565A079123B30E7E00F1E072 /* Frameworks */,
				565A079223B30E7E00F1E072 /* Resources */,
			);
			buildRules = (
			);
			dependencies = (
			);
			name = TestCLLocation;
			productName = TestCLLocation;
			productReference = 565A079423B30E7E00F1E072 /* TestCLLocation.app */;
			productType = "com.apple.product-type.application";
		};
/* End PBXNativeTarget section */

/* Begin PBXProject section */
		565A078C23B30E7E00F1E072 /* Project object */ = {
			isa = PBXProject;
			attributes = {
				LastSwiftUpdateCheck = 1130;
				LastUpgradeCheck = 1130;
				ORGANIZATIONNAME = "Hoang Nguyen";
				TargetAttributes = {
					565A079323B30E7E00F1E072 = {
						CreatedOnToolsVersion = 11.3;
					};
				};
			};
			buildConfigurationList = 565A078F23B30E7E00F1E072 /* Build configuration list for PBXProject "TestCLLocation" */;
			compatibilityVersion = "Xcode 9.3";
			developmentRegion = en;
			hasScannedForEncodings = 0;
			knownRegions = (
				en,
				Base,
			);
			mainGroup = 565A078B23B30E7E00F1E072;
			productRefGroup = 565A079523B30E7E00F1E072 /* Products */;
			projectDirPath = "";
			projectRoot = "";
			targets = (
				565A079323B30E7E00F1E072 /* TestCLLocation */,
			);
		};
/* End PBXProject section */

/* Begin PBXResourcesBuildPhase section */
		565A079223B30E7E00F1E072 /* Resources */ = {
			isa = PBXResourcesBuildPhase;
			buildActionMask = 2147483647;
			files = (
				565A07A423B30E8000F1E072 /* LaunchScreen.storyboard in Resources */,
				565A07A123B30E8000F1E072 /* Assets.xcassets in Resources */,
				565A079F23B30E7E00F1E072 /* Main.storyboard in Resources */,
			);
			runOnlyForDeploymentPostprocessing = 0;
		};
/* End PBXResourcesBuildPhase section */

/* Begin PBXSourcesBuildPhase section */
		565A079023B30E7E00F1E072 /* Sources */ = {
			isa = PBXSourcesBuildPhase;
			buildActionMask = 2147483647;
			files = (
				565A079C23B30E7E00F1E072 /* ViewController.swift in Sources */,
				565A079823B30E7E00F1E072 /* AppDelegate.swift in Sources */,
				565A079A23B30E7E00F1E072 /* SceneDelegate.swift in Sources */,
			);
			runOnlyForDeploymentPostprocessing = 0;
		};
/* End PBXSourcesBuildPhase section */

/* Begin PBXVariantGroup section */
		565A079D23B30E7E00F1E072 /* Main.storyboard */ = {
			isa = PBXVariantGroup;
			children = (
				565A079E23B30E7E00F1E072 /* Base */,
			);
			name = Main.storyboard;
			sourceTree = "<group>";
		};
		565A07A223B30E8000F1E072 /* LaunchScreen.storyboard */ = {
			isa = PBXVariantGroup;
			children = (
				565A07A323B30E8000F1E072 /* Base */,
			);
			name = LaunchScreen.storyboard;
			sourceTree = "<group>";
		};
/* End PBXVariantGroup section */

/* Begin XCBuildConfiguration section */
		565A07A623B30E8000F1E072 /* Debug */ = {
			isa = XCBuildConfiguration;
			buildSettings = {
				ALWAYS_SEARCH_USER_PATHS = NO;
				CLANG_ANALYZER_NONNULL = YES;
				CLANG_ANALYZER_NUMBER_OBJECT_CONVERSION = YES_AGGRESSIVE;
				CLANG_CXX_LANGUAGE_STANDARD = "gnu++14";
				CLANG_CXX_LIBRARY = "libc++";
				CLANG_ENABLE_MODULES = YES;
				CLANG_ENABLE_OBJC_ARC = YES;
				CLANG_ENABLE_OBJC_WEAK = YES;
				CLANG_WARN_BLOCK_CAPTURE_AUTORELEASING = YES;
				CLANG_WARN_BOOL_CONVERSION = YES;
				CLANG_WARN_COMMA = YES;
				CLANG_WARN_CONSTANT_CONVERSION = YES;
				CLANG_WARN_DEPRECATED_OBJC_IMPLEMENTATIONS = YES;
				CLANG_WARN_DIRECT_OBJC_ISA_USAGE = YES_ERROR;
				CLANG_WARN_DOCUMENTATION_COMMENTS = YES;
				CLANG_WARN_EMPTY_BODY = YES;
				CLANG_WARN_ENUM_CONVERSION = YES;
				CLANG_WARN_INFINITE_RECURSION = YES;
				CLANG_WARN_INT_CONVERSION = YES;
				CLANG_WARN_NON_LITERAL_NULL_CONVERSION = YES;
				CLANG_WARN_OBJC_IMPLICIT_RETAIN_SELF = YES;
				CLANG_WARN_OBJC_LITERAL_CONVERSION = YES;
				CLANG_WARN_OBJC_ROOT_CLASS = YES_ERROR;
				CLANG_WARN_RANGE_LOOP_ANALYSIS = YES;
				CLANG_WARN_STRICT_PROTOTYPES = YES;
				CLANG_WARN_SUSPICIOUS_MOVE = YES;
				CLANG_WARN_UNGUARDED_AVAILABILITY = YES_AGGRESSIVE;
				CLANG_WARN_UNREACHABLE_CODE = YES;
				CLANG_WARN__DUPLICATE_METHOD_MATCH = YES;
				COPY_PHASE_STRIP = NO;
				DEBUG_INFORMATION_FORMAT = dwarf;
				ENABLE_STRICT_OBJC_MSGSEND = YES;
				ENABLE_TESTABILITY = YES;
				GCC_C_LANGUAGE_STANDARD = gnu11;
				GCC_DYNAMIC_NO_PIC = NO;
				GCC_NO_COMMON_BLOCKS = YES;
				GCC_OPTIMIZATION_LEVEL = 0;
				GCC_PREPROCESSOR_DEFINITIONS = (
					"DEBUG=1",
					"$(inherited)",
				);
				GCC_WARN_64_TO_32_BIT_CONVERSION = YES;
				GCC_WARN_ABOUT_RETURN_TYPE = YES_ERROR;
				GCC_WARN_UNDECLARED_SELECTOR = YES;
				GCC_WARN_UNINITIALIZED_AUTOS = YES_AGGRESSIVE;
				GCC_WARN_UNUSED_FUNCTION = YES;
				GCC_WARN_UNUSED_VARIABLE = YES;
				IPHONEOS_DEPLOYMENT_TARGET = 13.2;
				MTL_ENABLE_DEBUG_INFO = INCLUDE_SOURCE;
				MTL_FAST_MATH = YES;
				ONLY_ACTIVE_ARCH = YES;
				SDKROOT = iphoneos;
				SWIFT_ACTIVE_COMPILATION_CONDITIONS = DEBUG;
				SWIFT_OPTIMIZATION_LEVEL = "-Onone";
			};
			name = Debug;
		};
		565A07A723B30E8000F1E072 /* Release */ = {
			isa = XCBuildConfiguration;
			buildSettings = {
				ALWAYS_SEARCH_USER_PATHS = NO;
				CLANG_ANALYZER_NONNULL = YES;
				CLANG_ANALYZER_NUMBER_OBJECT_CONVERSION = YES_AGGRESSIVE;
				CLANG_CXX_LANGUAGE_STANDARD = "gnu++14";
				CLANG_CXX_LIBRARY = "libc++";
				CLANG_ENABLE_MODULES = YES;
				CLANG_ENABLE_OBJC_ARC = YES;
				CLANG_ENABLE_OBJC_WEAK = YES;
				CLANG_WARN_BLOCK_CAPTURE_AUTORELEASING = YES;
				CLANG_WARN_BOOL_CONVERSION = YES;
				CLANG_WARN_COMMA = YES;
				CLANG_WARN_CONSTANT_CONVERSION = YES;
				CLANG_WARN_DEPRECATED_OBJC_IMPLEMENTATIONS = YES;
				CLANG_WARN_DIRECT_OBJC_ISA_USAGE = YES_ERROR;
				CLANG_WARN_DOCUMENTATION_COMMENTS = YES;
				CLANG_WARN_EMPTY_BODY = YES;
				CLANG_WARN_ENUM_CONVERSION = YES;
				CLANG_WARN_INFINITE_RECURSION = YES;
				CLANG_WARN_INT_CONVERSION = YES;
				CLANG_WARN_NON_LITERAL_NULL_CONVERSION = YES;
				CLANG_WARN_OBJC_IMPLICIT_RETAIN_SELF = YES;
				CLANG_WARN_OBJC_LITERAL_CONVERSION = YES;
				CLANG_WARN_OBJC_ROOT_CLASS = YES_ERROR;
				CLANG_WARN_RANGE_LOOP_ANALYSIS = YES;
				CLANG_WARN_STRICT_PROTOTYPES = YES;
				CLANG_WARN_SUSPICIOUS_MOVE = YES;
				CLANG_WARN_UNGUARDED_AVAILABILITY = YES_AGGRESSIVE;
				CLANG_WARN_UNREACHABLE_CODE = YES;
				CLANG_WARN__DUPLICATE_METHOD_MATCH = YES;
				COPY_PHASE_STRIP = NO;
				DEBUG_INFORMATION_FORMAT = "dwarf-with-dsym";
				ENABLE_NS_ASSERTIONS = NO;
				ENABLE_STRICT_OBJC_MSGSEND = YES;
				GCC_C_LANGUAGE_STANDARD = gnu11;
				GCC_NO_COMMON_BLOCKS = YES;
				GCC_WARN_64_TO_32_BIT_CONVERSION = YES;
				GCC_WARN_ABOUT_RETURN_TYPE = YES_ERROR;
				GCC_WARN_UNDECLARED_SELECTOR = YES;
				GCC_WARN_UNINITIALIZED_AUTOS = YES_AGGRESSIVE;
				GCC_WARN_UNUSED_FUNCTION = YES;
				GCC_WARN_UNUSED_VARIABLE = YES;
				IPHONEOS_DEPLOYMENT_TARGET = 13.2;
				MTL_ENABLE_DEBUG_INFO = NO;
				MTL_FAST_MATH = YES;
				SDKROOT = iphoneos;
				SWIFT_COMPILATION_MODE = wholemodule;
				SWIFT_OPTIMIZATION_LEVEL = "-O";
				VALIDATE_PRODUCT = YES;
			};
			name = Release;
		};
		565A07A923B30E8000F1E072 /* Debug */ = {
			isa = XCBuildConfiguration;
			buildSettings = {
				ASSETCATALOG_COMPILER_APPICON_NAME = AppIcon;
				CODE_SIGN_STYLE = Automatic;
				DEVELOPMENT_TEAM = U32Z3PZM2Y;
				INFOPLIST_FILE = TestCLLocation/Info.plist;
				IPHONEOS_DEPLOYMENT_TARGET = 10.3;
				LD_RUNPATH_SEARCH_PATHS = (
					"$(inherited)",
					"@executable_path/Frameworks",
				);
				PRODUCT_BUNDLE_IDENTIFIER = vn.mir.TestCLLocation;
				PRODUCT_NAME = "$(TARGET_NAME)";
				SWIFT_VERSION = 5.0;
				TARGETED_DEVICE_FAMILY = "1,2";
			};
			name = Debug;
		};
		565A07AA23B30E8000F1E072 /* Release */ = {
			isa = XCBuildConfiguration;
			buildSettings = {
				ASSETCATALOG_COMPILER_APPICON_NAME = AppIcon;
				CODE_SIGN_STYLE = Automatic;
				DEVELOPMENT_TEAM = U32Z3PZM2Y;
				INFOPLIST_FILE = TestCLLocation/Info.plist;
				IPHONEOS_DEPLOYMENT_TARGET = 10.3;
				LD_RUNPATH_SEARCH_PATHS = (
					"$(inherited)",
					"@executable_path/Frameworks",
				);
				PRODUCT_BUNDLE_IDENTIFIER = vn.mir.TestCLLocation;
				PRODUCT_NAME = "$(TARGET_NAME)";
				SWIFT_VERSION = 5.0;
				TARGETED_DEVICE_FAMILY = "1,2";
			};
			name = Release;
		};
/* End XCBuildConfiguration section */

/* Begin XCConfigurationList section */
		565A078F23B30E7E00F1E072 /* Build configuration list for PBXProject "TestCLLocation" */ = {
			isa = XCConfigurationList;
			buildConfigurations = (
				565A07A623B30E8000F1E072 /* Debug */,
				565A07A723B30E8000F1E072 /* Release */,
			);
			defaultConfigurationIsVisible = 0;
			defaultConfigurationName = Release;
		};
		565A07A823B30E8000F1E072 /* Build configuration list for PBXNativeTarget "TestCLLocation" */ = {
			isa = XCConfigurationList;
			buildConfigurations = (
				565A07A923B30E8000F1E072 /* Debug */,
				565A07AA23B30E8000F1E072 /* Release */,
			);
			defaultConfigurationIsVisible = 0;
			defaultConfigurationName = Release;
		};
/* End XCConfigurationList section */
	};
	rootObject = 565A078C23B30E7E00F1E072 /* Project object */;
}
